// !$*UTF8*$!
{
	archiveVersion = 1;
	classes = {
	};
	objectVersion = 51;
	objects = {

/* Begin PBXBuildFile section */
		3FCFEAD8D998D65487D041A7 /* Pods_RestaurantServer.framework in Frameworks */ = {isa = PBXBuildFile; fileRef = D25755D147C1F854ADCA9E96 /* Pods_RestaurantServer.framework */; };
		780EF0A8207E7A010061DF51 /* 1_Spaghetti_Meatballs.png in Resources */ = {isa = PBXBuildFile; fileRef = 780EF09D207E79FF0061DF51 /* 1_Spaghetti_Meatballs.png */; };
		780EF0A9207E7A010061DF51 /* 8_Pizza_Vesuvio.png in Resources */ = {isa = PBXBuildFile; fileRef = 780EF09E207E7A000061DF51 /* 8_Pizza_Vesuvio.png */; };
		780EF0AA207E7A010061DF51 /* 9_Pizza_al_Tonno.png in Resources */ = {isa = PBXBuildFile; fileRef = 780EF09F207E7A000061DF51 /* 9_Pizza_al_Tonno.png */; };
		780EF0AB207E7A010061DF51 /* 6_Italian_Salad.png in Resources */ = {isa = PBXBuildFile; fileRef = 780EF0A0207E7A000061DF51 /* 6_Italian_Salad.png */; };
		780EF0AC207E7A010061DF51 /* 10_Pizza_Paprika.png in Resources */ = {isa = PBXBuildFile; fileRef = 780EF0A1207E7A000061DF51 /* 10_Pizza_Paprika.png */; };
		780EF0AD207E7A010061DF51 /* 7_Pizza_San_Giovanni.png in Resources */ = {isa = PBXBuildFile; fileRef = 780EF0A2207E7A000061DF51 /* 7_Pizza_San_Giovanni.png */; };
		780EF0AE207E7A010061DF51 /* 2_Margherita_Pizza.png in Resources */ = {isa = PBXBuildFile; fileRef = 780EF0A3207E7A000061DF51 /* 2_Margherita_Pizza.png */; };
		780EF0AF207E7A010061DF51 /* 0_Placeholder.png in Resources */ = {isa = PBXBuildFile; fileRef = 780EF0A4207E7A000061DF51 /* 0_Placeholder.png */; };
		780EF0B0207E7A010061DF51 /* 3_Grilled_Steelhead_Trout_Sandwich.png in Resources */ = {isa = PBXBuildFile; fileRef = 780EF0A5207E7A000061DF51 /* 3_Grilled_Steelhead_Trout_Sandwich.png */; };
		780EF0B1207E7A010061DF51 /* 4_Pesto_Linguini.png in Resources */ = {isa = PBXBuildFile; fileRef = 780EF0A6207E7A000061DF51 /* 4_Pesto_Linguini.png */; };
		780EF0B2207E7A010061DF51 /* 5_Chicken_Noodle_Soup.png in Resources */ = {isa = PBXBuildFile; fileRef = 780EF0A7207E7A010061DF51 /* 5_Chicken_Noodle_Soup.png */; };
		7824D9BF2074FD910041BE59 /* AppDelegate.swift in Sources */ = {isa = PBXBuildFile; fileRef = 7824D9BE2074FD910041BE59 /* AppDelegate.swift */; };
		7824D9C12074FD910041BE59 /* ViewController.swift in Sources */ = {isa = PBXBuildFile; fileRef = 7824D9C02074FD910041BE59 /* ViewController.swift */; };
		7824D9C32074FD920041BE59 /* Assets.xcassets in Resources */ = {isa = PBXBuildFile; fileRef = 7824D9C22074FD920041BE59 /* Assets.xcassets */; };
		7824D9C62074FD920041BE59 /* Main.storyboard in Resources */ = {isa = PBXBuildFile; fileRef = 7824D9C42074FD920041BE59 /* Main.storyboard */; };
		7824D9D22074FD920041BE59 /* RestaurantServerTests.swift in Sources */ = {isa = PBXBuildFile; fileRef = 7824D9D12074FD920041BE59 /* RestaurantServerTests.swift */; };
		7824D9DD2074FD920041BE59 /* RestaurantServerUITests.swift in Sources */ = {isa = PBXBuildFile; fileRef = 7824D9DC2074FD920041BE59 /* RestaurantServerUITests.swift */; };
		7824D9F32074FE380041BE59 /* settings.json in Resources */ = {isa = PBXBuildFile; fileRef = 7824D9F12074FE380041BE59 /* settings.json */; };
		7824D9F42074FE380041BE59 /* menu.json in Resources */ = {isa = PBXBuildFile; fileRef = 7824D9F22074FE380041BE59 /* menu.json */; };
		7824D9F72074FEA70041BE59 /* JSONFileHelper.swift in Sources */ = {isa = PBXBuildFile; fileRef = 7824D9F62074FEA70041BE59 /* JSONFileHelper.swift */; };
		783266002076398D00D47851 /* Orders.swift in Sources */ = {isa = PBXBuildFile; fileRef = 783265FF2076398D00D47851 /* Orders.swift */; };
		78BEBA33207FA65800EE3F07 /* index.html in Resources */ = {isa = PBXBuildFile; fileRef = 78BEBA32207FA65700EE3F07 /* index.html */; };
		78E0C98D2075151100282C81 /* Settings.swift in Sources */ = {isa = PBXBuildFile; fileRef = 78E0C98A2075151100282C81 /* Settings.swift */; };
		78E0C98E2075151100282C81 /* Menu.swift in Sources */ = {isa = PBXBuildFile; fileRef = 78E0C98B2075151100282C81 /* Menu.swift */; };
		78E0C98F2075151100282C81 /* Restaurant.swift in Sources */ = {isa = PBXBuildFile; fileRef = 78E0C98C2075151100282C81 /* Restaurant.swift */; };
		78E0C991207532AC00282C81 /* ServerHelper.swift in Sources */ = {isa = PBXBuildFile; fileRef = 78E0C990207532AC00282C81 /* ServerHelper.swift */; };
		78E0C9932075356D00282C81 /* UIHelper.swift in Sources */ = {isa = PBXBuildFile; fileRef = 78E0C9922075356D00282C81 /* UIHelper.swift */; };
		B5AB0E17ECE811D60AAC49BB /* Pods_RestaurantServerTests.framework in Frameworks */ = {isa = PBXBuildFile; fileRef = C68858555F334716A4ACF474 /* Pods_RestaurantServerTests.framework */; };
		C371AC80C797648DB3F07D0C /* Pods_RestaurantServerUITests.framework in Frameworks */ = {isa = PBXBuildFile; fileRef = 16E5A57D9CF6A3211BA96593 /* Pods_RestaurantServerUITests.framework */; };
/* End PBXBuildFile section */

/* Begin PBXContainerItemProxy section */
		7824D9CE2074FD920041BE59 /* PBXContainerItemProxy */ = {
			isa = PBXContainerItemProxy;
			containerPortal = 7824D9B32074FD910041BE59 /* Project object */;
			proxyType = 1;
			remoteGlobalIDString = 7824D9BA2074FD910041BE59;
			remoteInfo = RestaurantServer;
		};
		7824D9D92074FD920041BE59 /* PBXContainerItemProxy */ = {
			isa = PBXContainerItemProxy;
			containerPortal = 7824D9B32074FD910041BE59 /* Project object */;
			proxyType = 1;
			remoteGlobalIDString = 7824D9BA2074FD910041BE59;
			remoteInfo = RestaurantServer;
		};
/* End PBXContainerItemProxy section */

/* Begin PBXFileReference section */
		0C6C81EDFF774CF4014C14B7 /* Pods-RestaurantServerTests.release.xcconfig */ = {isa = PBXFileReference; includeInIndex = 1; lastKnownFileType = text.xcconfig; name = "Pods-RestaurantServerTests.release.xcconfig"; path = "Pods/Target Support Files/Pods-RestaurantServerTests/Pods-RestaurantServerTests.release.xcconfig"; sourceTree = "<group>"; };
		16E5A57D9CF6A3211BA96593 /* Pods_RestaurantServerUITests.framework */ = {isa = PBXFileReference; explicitFileType = wrapper.framework; includeInIndex = 0; path = Pods_RestaurantServerUITests.framework; sourceTree = BUILT_PRODUCTS_DIR; };
		2D39AAAA705E1A45A206AA63 /* Pods-RestaurantServer.release.xcconfig */ = {isa = PBXFileReference; includeInIndex = 1; lastKnownFileType = text.xcconfig; name = "Pods-RestaurantServer.release.xcconfig"; path = "Pods/Target Support Files/Pods-RestaurantServer/Pods-RestaurantServer.release.xcconfig"; sourceTree = "<group>"; };
		57149F11D564A2B72818B7F0 /* Pods-RestaurantServerUITests.debug.xcconfig */ = {isa = PBXFileReference; includeInIndex = 1; lastKnownFileType = text.xcconfig; name = "Pods-RestaurantServerUITests.debug.xcconfig"; path = "Pods/Target Support Files/Pods-RestaurantServerUITests/Pods-RestaurantServerUITests.debug.xcconfig"; sourceTree = "<group>"; };
		780EF09D207E79FF0061DF51 /* 1_Spaghetti_Meatballs.png */ = {isa = PBXFileReference; lastKnownFileType = image.png; path = 1_Spaghetti_Meatballs.png; sourceTree = "<group>"; };
		780EF09E207E7A000061DF51 /* 8_Pizza_Vesuvio.png */ = {isa = PBXFileReference; lastKnownFileType = image.png; path = 8_Pizza_Vesuvio.png; sourceTree = "<group>"; };
		780EF09F207E7A000061DF51 /* 9_Pizza_al_Tonno.png */ = {isa = PBXFileReference; lastKnownFileType = image.png; path = 9_Pizza_al_Tonno.png; sourceTree = "<group>"; };
		780EF0A0207E7A000061DF51 /* 6_Italian_Salad.png */ = {isa = PBXFileReference; lastKnownFileType = image.png; path = 6_Italian_Salad.png; sourceTree = "<group>"; };
		780EF0A1207E7A000061DF51 /* 10_Pizza_Paprika.png */ = {isa = PBXFileReference; lastKnownFileType = image.png; path = 10_Pizza_Paprika.png; sourceTree = "<group>"; };
		780EF0A2207E7A000061DF51 /* 7_Pizza_San_Giovanni.png */ = {isa = PBXFileReference; lastKnownFileType = image.png; path = 7_Pizza_San_Giovanni.png; sourceTree = "<group>"; };
		780EF0A3207E7A000061DF51 /* 2_Margherita_Pizza.png */ = {isa = PBXFileReference; lastKnownFileType = image.png; path = 2_Margherita_Pizza.png; sourceTree = "<group>"; };
		780EF0A4207E7A000061DF51 /* 0_Placeholder.png */ = {isa = PBXFileReference; lastKnownFileType = image.png; path = 0_Placeholder.png; sourceTree = "<group>"; };
		780EF0A5207E7A000061DF51 /* 3_Grilled_Steelhead_Trout_Sandwich.png */ = {isa = PBXFileReference; lastKnownFileType = image.png; path = 3_Grilled_Steelhead_Trout_Sandwich.png; sourceTree = "<group>"; };
		780EF0A6207E7A000061DF51 /* 4_Pesto_Linguini.png */ = {isa = PBXFileReference; lastKnownFileType = image.png; path = 4_Pesto_Linguini.png; sourceTree = "<group>"; };
		780EF0A7207E7A010061DF51 /* 5_Chicken_Noodle_Soup.png */ = {isa = PBXFileReference; lastKnownFileType = image.png; path = 5_Chicken_Noodle_Soup.png; sourceTree = "<group>"; };
		7824D9BB2074FD910041BE59 /* RestaurantServer.app */ = {isa = PBXFileReference; explicitFileType = wrapper.application; includeInIndex = 0; path = RestaurantServer.app; sourceTree = BUILT_PRODUCTS_DIR; };
		7824D9BE2074FD910041BE59 /* AppDelegate.swift */ = {isa = PBXFileReference; lastKnownFileType = sourcecode.swift; path = AppDelegate.swift; sourceTree = "<group>"; };
		7824D9C02074FD910041BE59 /* ViewController.swift */ = {isa = PBXFileReference; lastKnownFileType = sourcecode.swift; path = ViewController.swift; sourceTree = "<group>"; };
		7824D9C22074FD920041BE59 /* Assets.xcassets */ = {isa = PBXFileReference; lastKnownFileType = folder.assetcatalog; path = Assets.xcassets; sourceTree = "<group>"; };
		7824D9C52074FD920041BE59 /* Base */ = {isa = PBXFileReference; lastKnownFileType = file.storyboard; name = Base; path = Base.lproj/Main.storyboard; sourceTree = "<group>"; };
		7824D9C72074FD920041BE59 /* Info.plist */ = {isa = PBXFileReference; lastKnownFileType = text.plist.xml; path = Info.plist; sourceTree = "<group>"; };
		7824D9C82074FD920041BE59 /* RestaurantServer.entitlements */ = {isa = PBXFileReference; lastKnownFileType = text.plist.entitlements; path = RestaurantServer.entitlements; sourceTree = "<group>"; };
		7824D9CD2074FD920041BE59 /* RestaurantServerTests.xctest */ = {isa = PBXFileReference; explicitFileType = wrapper.cfbundle; includeInIndex = 0; path = RestaurantServerTests.xctest; sourceTree = BUILT_PRODUCTS_DIR; };
		7824D9D12074FD920041BE59 /* RestaurantServerTests.swift */ = {isa = PBXFileReference; lastKnownFileType = sourcecode.swift; path = RestaurantServerTests.swift; sourceTree = "<group>"; };
		7824D9D32074FD920041BE59 /* Info.plist */ = {isa = PBXFileReference; lastKnownFileType = text.plist.xml; path = Info.plist; sourceTree = "<group>"; };
		7824D9D82074FD920041BE59 /* RestaurantServerUITests.xctest */ = {isa = PBXFileReference; explicitFileType = wrapper.cfbundle; includeInIndex = 0; path = RestaurantServerUITests.xctest; sourceTree = BUILT_PRODUCTS_DIR; };
		7824D9DC2074FD920041BE59 /* RestaurantServerUITests.swift */ = {isa = PBXFileReference; lastKnownFileType = sourcecode.swift; path = RestaurantServerUITests.swift; sourceTree = "<group>"; };
		7824D9DE2074FD920041BE59 /* Info.plist */ = {isa = PBXFileReference; lastKnownFileType = text.plist.xml; path = Info.plist; sourceTree = "<group>"; };
		7824D9F12074FE380041BE59 /* settings.json */ = {isa = PBXFileReference; fileEncoding = 4; lastKnownFileType = text.json; path = settings.json; sourceTree = "<group>"; };
		7824D9F22074FE380041BE59 /* menu.json */ = {isa = PBXFileReference; fileEncoding = 4; lastKnownFileType = text.json; path = menu.json; sourceTree = "<group>"; };
		7824D9F62074FEA70041BE59 /* JSONFileHelper.swift */ = {isa = PBXFileReference; lastKnownFileType = sourcecode.swift; path = JSONFileHelper.swift; sourceTree = "<group>"; };
		783265FF2076398D00D47851 /* Orders.swift */ = {isa = PBXFileReference; lastKnownFileType = sourcecode.swift; path = Orders.swift; sourceTree = "<group>"; };
		78BEBA32207FA65700EE3F07 /* index.html */ = {isa = PBXFileReference; fileEncoding = 4; lastKnownFileType = text.html; path = index.html; sourceTree = "<group>"; };
		78E0C98A2075151100282C81 /* Settings.swift */ = {isa = PBXFileReference; fileEncoding = 4; lastKnownFileType = sourcecode.swift; path = Settings.swift; sourceTree = "<group>"; };
		78E0C98B2075151100282C81 /* Menu.swift */ = {isa = PBXFileReference; fileEncoding = 4; lastKnownFileType = sourcecode.swift; path = Menu.swift; sourceTree = "<group>"; };
		78E0C98C2075151100282C81 /* Restaurant.swift */ = {isa = PBXFileReference; fileEncoding = 4; lastKnownFileType = sourcecode.swift; path = Restaurant.swift; sourceTree = "<group>"; };
		78E0C990207532AC00282C81 /* ServerHelper.swift */ = {isa = PBXFileReference; lastKnownFileType = sourcecode.swift; path = ServerHelper.swift; sourceTree = "<group>"; };
		78E0C9922075356D00282C81 /* UIHelper.swift */ = {isa = PBXFileReference; lastKnownFileType = sourcecode.swift; path = UIHelper.swift; sourceTree = "<group>"; };
		7D101B15AF88B6836AA9FAFF /* Pods-RestaurantServerUITests.release.xcconfig */ = {isa = PBXFileReference; includeInIndex = 1; lastKnownFileType = text.xcconfig; name = "Pods-RestaurantServerUITests.release.xcconfig"; path = "Pods/Target Support Files/Pods-RestaurantServerUITests/Pods-RestaurantServerUITests.release.xcconfig"; sourceTree = "<group>"; };
		8ED7054534B6F74B7261848C /* Pods-RestaurantServer.debug.xcconfig */ = {isa = PBXFileReference; includeInIndex = 1; lastKnownFileType = text.xcconfig; name = "Pods-RestaurantServer.debug.xcconfig"; path = "Pods/Target Support Files/Pods-RestaurantServer/Pods-RestaurantServer.debug.xcconfig"; sourceTree = "<group>"; };
		C68858555F334716A4ACF474 /* Pods_RestaurantServerTests.framework */ = {isa = PBXFileReference; explicitFileType = wrapper.framework; includeInIndex = 0; path = Pods_RestaurantServerTests.framework; sourceTree = BUILT_PRODUCTS_DIR; };
		D25755D147C1F854ADCA9E96 /* Pods_RestaurantServer.framework */ = {isa = PBXFileReference; explicitFileType = wrapper.framework; includeInIndex = 0; path = Pods_RestaurantServer.framework; sourceTree = BUILT_PRODUCTS_DIR; };
		F5FCEDBFA9A8762C09BDBDD7 /* Pods-RestaurantServerTests.debug.xcconfig */ = {isa = PBXFileReference; includeInIndex = 1; lastKnownFileType = text.xcconfig; name = "Pods-RestaurantServerTests.debug.xcconfig"; path = "Pods/Target Support Files/Pods-RestaurantServerTests/Pods-RestaurantServerTests.debug.xcconfig"; sourceTree = "<group>"; };
/* End PBXFileReference section */

/* Begin PBXFrameworksBuildPhase section */
		7824D9B82074FD910041BE59 /* Frameworks */ = {
			isa = PBXFrameworksBuildPhase;
			buildActionMask = 2147483647;
			files = (
				3FCFEAD8D998D65487D041A7 /* Pods_RestaurantServer.framework in Frameworks */,
			);
			runOnlyForDeploymentPostprocessing = 0;
		};
		7824D9CA2074FD920041BE59 /* Frameworks */ = {
			isa = PBXFrameworksBuildPhase;
			buildActionMask = 2147483647;
			files = (
				B5AB0E17ECE811D60AAC49BB /* Pods_RestaurantServerTests.framework in Frameworks */,
			);
			runOnlyForDeploymentPostprocessing = 0;
		};
		7824D9D52074FD920041BE59 /* Frameworks */ = {
			isa = PBXFrameworksBuildPhase;
			buildActionMask = 2147483647;
			files = (
				C371AC80C797648DB3F07D0C /* Pods_RestaurantServerUITests.framework in Frameworks */,
			);
			runOnlyForDeploymentPostprocessing = 0;
		};
/* End PBXFrameworksBuildPhase section */

/* Begin PBXGroup section */
		098453EA14B81E3C258AAC53 /* Pods */ = {
			isa = PBXGroup;
			children = (
				8ED7054534B6F74B7261848C /* Pods-RestaurantServer.debug.xcconfig */,
				2D39AAAA705E1A45A206AA63 /* Pods-RestaurantServer.release.xcconfig */,
				F5FCEDBFA9A8762C09BDBDD7 /* Pods-RestaurantServerTests.debug.xcconfig */,
				0C6C81EDFF774CF4014C14B7 /* Pods-RestaurantServerTests.release.xcconfig */,
				57149F11D564A2B72818B7F0 /* Pods-RestaurantServerUITests.debug.xcconfig */,
				7D101B15AF88B6836AA9FAFF /* Pods-RestaurantServerUITests.release.xcconfig */,
			);
			name = Pods;
			sourceTree = "<group>";
		};
		6C99DA2F580156FD9C2DAB23 /* Frameworks */ = {
			isa = PBXGroup;
			children = (
				C68858555F334716A4ACF474 /* Pods_RestaurantServerTests.framework */,
				16E5A57D9CF6A3211BA96593 /* Pods_RestaurantServerUITests.framework */,
				D25755D147C1F854ADCA9E96 /* Pods_RestaurantServer.framework */,
			);
			name = Frameworks;
			sourceTree = "<group>";
		};
		7824D9B22074FD910041BE59 = {
			isa = PBXGroup;
			children = (
				7824D9BD2074FD910041BE59 /* RestaurantServer */,
				7824D9D02074FD920041BE59 /* RestaurantServerTests */,
				7824D9DB2074FD920041BE59 /* RestaurantServerUITests */,
				7824D9BC2074FD910041BE59 /* Products */,
				098453EA14B81E3C258AAC53 /* Pods */,
				6C99DA2F580156FD9C2DAB23 /* Frameworks */,
			);
			sourceTree = "<group>";
		};
		7824D9BC2074FD910041BE59 /* Products */ = {
			isa = PBXGroup;
			children = (
				7824D9BB2074FD910041BE59 /* RestaurantServer.app */,
				7824D9CD2074FD920041BE59 /* RestaurantServerTests.xctest */,
				7824D9D82074FD920041BE59 /* RestaurantServerUITests.xctest */,
			);
			name = Products;
			sourceTree = "<group>";
		};
		7824D9BD2074FD910041BE59 /* RestaurantServer */ = {
			isa = PBXGroup;
			children = (
				78E0C9892075151100282C81 /* Models */,
				7824D9F52074FE3E0041BE59 /* JSON */,
				7824D9BE2074FD910041BE59 /* AppDelegate.swift */,
				7824D9F62074FEA70041BE59 /* JSONFileHelper.swift */,
				78E0C990207532AC00282C81 /* ServerHelper.swift */,
				78E0C9922075356D00282C81 /* UIHelper.swift */,
				7824D9C02074FD910041BE59 /* ViewController.swift */,
				7824D9C22074FD920041BE59 /* Assets.xcassets */,
				7824D9C42074FD920041BE59 /* Main.storyboard */,
				7824D9C72074FD920041BE59 /* Info.plist */,
				7824D9C82074FD920041BE59 /* RestaurantServer.entitlements */,
			);
			path = RestaurantServer;
			sourceTree = "<group>";
		};
		7824D9D02074FD920041BE59 /* RestaurantServerTests */ = {
			isa = PBXGroup;
			children = (
				7824D9D12074FD920041BE59 /* RestaurantServerTests.swift */,
				7824D9D32074FD920041BE59 /* Info.plist */,
			);
			path = RestaurantServerTests;
			sourceTree = "<group>";
		};
		7824D9DB2074FD920041BE59 /* RestaurantServerUITests */ = {
			isa = PBXGroup;
			children = (
				7824D9DC2074FD920041BE59 /* RestaurantServerUITests.swift */,
				7824D9DE2074FD920041BE59 /* Info.plist */,
			);
			path = RestaurantServerUITests;
			sourceTree = "<group>";
		};
		7824D9F52074FE3E0041BE59 /* JSON */ = {
			isa = PBXGroup;
			children = (
				780EF0A4207E7A000061DF51 /* 0_Placeholder.png */,
				780EF09D207E79FF0061DF51 /* 1_Spaghetti_Meatballs.png */,
				780EF0A3207E7A000061DF51 /* 2_Margherita_Pizza.png */,
				780EF0A5207E7A000061DF51 /* 3_Grilled_Steelhead_Trout_Sandwich.png */,
				780EF0A6207E7A000061DF51 /* 4_Pesto_Linguini.png */,
				780EF0A7207E7A010061DF51 /* 5_Chicken_Noodle_Soup.png */,
				780EF0A0207E7A000061DF51 /* 6_Italian_Salad.png */,
				780EF0A2207E7A000061DF51 /* 7_Pizza_San_Giovanni.png */,
				780EF09E207E7A000061DF51 /* 8_Pizza_Vesuvio.png */,
				780EF09F207E7A000061DF51 /* 9_Pizza_al_Tonno.png */,
				780EF0A1207E7A000061DF51 /* 10_Pizza_Paprika.png */,
				78BEBA32207FA65700EE3F07 /* index.html */,
				7824D9F22074FE380041BE59 /* menu.json */,
				7824D9F12074FE380041BE59 /* settings.json */,
			);
			path = JSON;
			sourceTree = "<group>";
		};
		78E0C9892075151100282C81 /* Models */ = {
			isa = PBXGroup;
			children = (
				78E0C98A2075151100282C81 /* Settings.swift */,
				78E0C98B2075151100282C81 /* Menu.swift */,
				783265FF2076398D00D47851 /* Orders.swift */,
				78E0C98C2075151100282C81 /* Restaurant.swift */,
			);
			name = Models;
			path = RestaurantServer/Models;
			sourceTree = SOURCE_ROOT;
		};
/* End PBXGroup section */

/* Begin PBXNativeTarget section */
		7824D9BA2074FD910041BE59 /* RestaurantServer */ = {
			isa = PBXNativeTarget;
			buildConfigurationList = 7824D9E12074FD920041BE59 /* Build configuration list for PBXNativeTarget "RestaurantServer" */;
			buildPhases = (
				C8FE9F5D28B9676EA83B5D27 /* [CP] Check Pods Manifest.lock */,
				7824D9B72074FD910041BE59 /* Sources */,
				7824D9B82074FD910041BE59 /* Frameworks */,
				7824D9B92074FD910041BE59 /* Resources */,
				ECDED352D318AA027FBB0995 /* [CP] Embed Pods Frameworks */,
			);
			buildRules = (
			);
			dependencies = (
			);
			name = RestaurantServer;
			productName = RestaurantServer;
			productReference = 7824D9BB2074FD910041BE59 /* RestaurantServer.app */;
			productType = "com.apple.product-type.application";
		};
		7824D9CC2074FD920041BE59 /* RestaurantServerTests */ = {
			isa = PBXNativeTarget;
			buildConfigurationList = 7824D9E42074FD920041BE59 /* Build configuration list for PBXNativeTarget "RestaurantServerTests" */;
			buildPhases = (
				386A61E21871DC3FA78EFE01 /* [CP] Check Pods Manifest.lock */,
				7824D9C92074FD920041BE59 /* Sources */,
				7824D9CA2074FD920041BE59 /* Frameworks */,
				7824D9CB2074FD920041BE59 /* Resources */,
			);
			buildRules = (
			);
			dependencies = (
				7824D9CF2074FD920041BE59 /* PBXTargetDependency */,
			);
			name = RestaurantServerTests;
			productName = RestaurantServerTests;
			productReference = 7824D9CD2074FD920041BE59 /* RestaurantServerTests.xctest */;
			productType = "com.apple.product-type.bundle.unit-test";
		};
		7824D9D72074FD920041BE59 /* RestaurantServerUITests */ = {
			isa = PBXNativeTarget;
			buildConfigurationList = 7824D9E72074FD920041BE59 /* Build configuration list for PBXNativeTarget "RestaurantServerUITests" */;
			buildPhases = (
				E5D9C6A0111EE1906E38C173 /* [CP] Check Pods Manifest.lock */,
				7824D9D42074FD920041BE59 /* Sources */,
				7824D9D52074FD920041BE59 /* Frameworks */,
				7824D9D62074FD920041BE59 /* Resources */,
			);
			buildRules = (
			);
			dependencies = (
				7824D9DA2074FD920041BE59 /* PBXTargetDependency */,
			);
			name = RestaurantServerUITests;
			productName = RestaurantServerUITests;
			productReference = 7824D9D82074FD920041BE59 /* RestaurantServerUITests.xctest */;
			productType = "com.apple.product-type.bundle.ui-testing";
		};
/* End PBXNativeTarget section */

/* Begin PBXProject section */
		7824D9B32074FD910041BE59 /* Project object */ = {
			isa = PBXProject;
			attributes = {
				LastSwiftUpdateCheck = 0930;
				LastUpgradeCheck = 0930;
				ORGANIZATIONNAME = "HAN University of Applied Sciences";
				TargetAttributes = {
					7824D9BA2074FD910041BE59 = {
						CreatedOnToolsVersion = 9.3;
						SystemCapabilities = {
							com.apple.Sandbox = {
								enabled = 1;
							};
						};
					};
					7824D9CC2074FD920041BE59 = {
						CreatedOnToolsVersion = 9.3;
						TestTargetID = 7824D9BA2074FD910041BE59;
					};
					7824D9D72074FD920041BE59 = {
						CreatedOnToolsVersion = 9.3;
						TestTargetID = 7824D9BA2074FD910041BE59;
					};
				};
			};
			buildConfigurationList = 7824D9B62074FD910041BE59 /* Build configuration list for PBXProject "RestaurantServer" */;
			compatibilityVersion = "Xcode 10.0";
			developmentRegion = en;
			hasScannedForEncodings = 0;
			knownRegions = (
				en,
				Base,
			);
			mainGroup = 7824D9B22074FD910041BE59;
			productRefGroup = 7824D9BC2074FD910041BE59 /* Products */;
			projectDirPath = "";
			projectRoot = "";
			targets = (
				7824D9BA2074FD910041BE59 /* RestaurantServer */,
				7824D9CC2074FD920041BE59 /* RestaurantServerTests */,
				7824D9D72074FD920041BE59 /* RestaurantServerUITests */,
			);
		};
/* End PBXProject section */

/* Begin PBXResourcesBuildPhase section */
		7824D9B92074FD910041BE59 /* Resources */ = {
			isa = PBXResourcesBuildPhase;
			buildActionMask = 2147483647;
			files = (
				7824D9F32074FE380041BE59 /* settings.json in Resources */,
				780EF0AB207E7A010061DF51 /* 6_Italian_Salad.png in Resources */,
				780EF0AF207E7A010061DF51 /* 0_Placeholder.png in Resources */,
				7824D9C32074FD920041BE59 /* Assets.xcassets in Resources */,
				780EF0B0207E7A010061DF51 /* 3_Grilled_Steelhead_Trout_Sandwich.png in Resources */,
				78BEBA33207FA65800EE3F07 /* index.html in Resources */,
				780EF0AA207E7A010061DF51 /* 9_Pizza_al_Tonno.png in Resources */,
				7824D9F42074FE380041BE59 /* menu.json in Resources */,
				780EF0B1207E7A010061DF51 /* 4_Pesto_Linguini.png in Resources */,
				780EF0B2207E7A010061DF51 /* 5_Chicken_Noodle_Soup.png in Resources */,
				780EF0A9207E7A010061DF51 /* 8_Pizza_Vesuvio.png in Resources */,
				780EF0AE207E7A010061DF51 /* 2_Margherita_Pizza.png in Resources */,
				780EF0AD207E7A010061DF51 /* 7_Pizza_San_Giovanni.png in Resources */,
				780EF0AC207E7A010061DF51 /* 10_Pizza_Paprika.png in Resources */,
				7824D9C62074FD920041BE59 /* Main.storyboard in Resources */,
				780EF0A8207E7A010061DF51 /* 1_Spaghetti_Meatballs.png in Resources */,
			);
			runOnlyForDeploymentPostprocessing = 0;
		};
		7824D9CB2074FD920041BE59 /* Resources */ = {
			isa = PBXResourcesBuildPhase;
			buildActionMask = 2147483647;
			files = (
			);
			runOnlyForDeploymentPostprocessing = 0;
		};
		7824D9D62074FD920041BE59 /* Resources */ = {
			isa = PBXResourcesBuildPhase;
			buildActionMask = 2147483647;
			files = (
			);
			runOnlyForDeploymentPostprocessing = 0;
		};
/* End PBXResourcesBuildPhase section */

/* Begin PBXShellScriptBuildPhase section */
		386A61E21871DC3FA78EFE01 /* [CP] Check Pods Manifest.lock */ = {
			isa = PBXShellScriptBuildPhase;
			buildActionMask = 2147483647;
			files = (
			);
			inputPaths = (
				"${PODS_PODFILE_DIR_PATH}/Podfile.lock",
				"${PODS_ROOT}/Manifest.lock",
			);
			name = "[CP] Check Pods Manifest.lock";
			outputPaths = (
				"$(DERIVED_FILE_DIR)/Pods-RestaurantServerTests-checkManifestLockResult.txt",
			);
			runOnlyForDeploymentPostprocessing = 0;
			shellPath = /bin/sh;
			shellScript = "diff \"${PODS_PODFILE_DIR_PATH}/Podfile.lock\" \"${PODS_ROOT}/Manifest.lock\" > /dev/null\nif [ $? != 0 ] ; then\n    # print error to STDERR\n    echo \"error: The sandbox is not in sync with the Podfile.lock. Run 'pod install' or update your CocoaPods installation.\" >&2\n    exit 1\nfi\n# This output is used by Xcode 'outputs' to avoid re-running this script phase.\necho \"SUCCESS\" > \"${SCRIPT_OUTPUT_FILE_0}\"\n";
			showEnvVarsInLog = 0;
		};
		C8FE9F5D28B9676EA83B5D27 /* [CP] Check Pods Manifest.lock */ = {
			isa = PBXShellScriptBuildPhase;
			buildActionMask = 2147483647;
			files = (
			);
			inputPaths = (
				"${PODS_PODFILE_DIR_PATH}/Podfile.lock",
				"${PODS_ROOT}/Manifest.lock",
			);
			name = "[CP] Check Pods Manifest.lock";
			outputPaths = (
				"$(DERIVED_FILE_DIR)/Pods-RestaurantServer-checkManifestLockResult.txt",
			);
			runOnlyForDeploymentPostprocessing = 0;
			shellPath = /bin/sh;
			shellScript = "diff \"${PODS_PODFILE_DIR_PATH}/Podfile.lock\" \"${PODS_ROOT}/Manifest.lock\" > /dev/null\nif [ $? != 0 ] ; then\n    # print error to STDERR\n    echo \"error: The sandbox is not in sync with the Podfile.lock. Run 'pod install' or update your CocoaPods installation.\" >&2\n    exit 1\nfi\n# This output is used by Xcode 'outputs' to avoid re-running this script phase.\necho \"SUCCESS\" > \"${SCRIPT_OUTPUT_FILE_0}\"\n";
			showEnvVarsInLog = 0;
		};
		E5D9C6A0111EE1906E38C173 /* [CP] Check Pods Manifest.lock */ = {
			isa = PBXShellScriptBuildPhase;
			buildActionMask = 2147483647;
			files = (
			);
			inputPaths = (
				"${PODS_PODFILE_DIR_PATH}/Podfile.lock",
				"${PODS_ROOT}/Manifest.lock",
			);
			name = "[CP] Check Pods Manifest.lock";
			outputPaths = (
				"$(DERIVED_FILE_DIR)/Pods-RestaurantServerUITests-checkManifestLockResult.txt",
			);
			runOnlyForDeploymentPostprocessing = 0;
			shellPath = /bin/sh;
			shellScript = "diff \"${PODS_PODFILE_DIR_PATH}/Podfile.lock\" \"${PODS_ROOT}/Manifest.lock\" > /dev/null\nif [ $? != 0 ] ; then\n    # print error to STDERR\n    echo \"error: The sandbox is not in sync with the Podfile.lock. Run 'pod install' or update your CocoaPods installation.\" >&2\n    exit 1\nfi\n# This output is used by Xcode 'outputs' to avoid re-running this script phase.\necho \"SUCCESS\" > \"${SCRIPT_OUTPUT_FILE_0}\"\n";
			showEnvVarsInLog = 0;
		};
		ECDED352D318AA027FBB0995 /* [CP] Embed Pods Frameworks */ = {
			isa = PBXShellScriptBuildPhase;
			buildActionMask = 2147483647;
			files = (
			);
			inputPaths = (
				"${SRCROOT}/Pods/Target Support Files/Pods-RestaurantServer/Pods-RestaurantServer-frameworks.sh",
				"${BUILT_PRODUCTS_DIR}/CocoaAsyncSocket/CocoaAsyncSocket.framework",
				"${BUILT_PRODUCTS_DIR}/HTTPParserC/HTTPParserC.framework",
				"${BUILT_PRODUCTS_DIR}/Telegraph/Telegraph.framework",
			);
			name = "[CP] Embed Pods Frameworks";
			outputPaths = (
				"${TARGET_BUILD_DIR}/${FRAMEWORKS_FOLDER_PATH}/CocoaAsyncSocket.framework",
				"${TARGET_BUILD_DIR}/${FRAMEWORKS_FOLDER_PATH}/HTTPParserC.framework",
				"${TARGET_BUILD_DIR}/${FRAMEWORKS_FOLDER_PATH}/Telegraph.framework",
			);
			runOnlyForDeploymentPostprocessing = 0;
			shellPath = /bin/sh;
			shellScript = "\"${SRCROOT}/Pods/Target Support Files/Pods-RestaurantServer/Pods-RestaurantServer-frameworks.sh\"\n";
			showEnvVarsInLog = 0;
		};
/* End PBXShellScriptBuildPhase section */

/* Begin PBXSourcesBuildPhase section */
		7824D9B72074FD910041BE59 /* Sources */ = {
			isa = PBXSourcesBuildPhase;
			buildActionMask = 2147483647;
			files = (
				7824D9C12074FD910041BE59 /* ViewController.swift in Sources */,
				7824D9BF2074FD910041BE59 /* AppDelegate.swift in Sources */,
				78E0C98F2075151100282C81 /* Restaurant.swift in Sources */,
				78E0C991207532AC00282C81 /* ServerHelper.swift in Sources */,
				78E0C98D2075151100282C81 /* Settings.swift in Sources */,
				7824D9F72074FEA70041BE59 /* JSONFileHelper.swift in Sources */,
				783266002076398D00D47851 /* Orders.swift in Sources */,
				78E0C98E2075151100282C81 /* Menu.swift in Sources */,
				78E0C9932075356D00282C81 /* UIHelper.swift in Sources */,
			);
			runOnlyForDeploymentPostprocessing = 0;
		};
		7824D9C92074FD920041BE59 /* Sources */ = {
			isa = PBXSourcesBuildPhase;
			buildActionMask = 2147483647;
			files = (
				7824D9D22074FD920041BE59 /* RestaurantServerTests.swift in Sources */,
			);
			runOnlyForDeploymentPostprocessing = 0;
		};
		7824D9D42074FD920041BE59 /* Sources */ = {
			isa = PBXSourcesBuildPhase;
			buildActionMask = 2147483647;
			files = (
				7824D9DD2074FD920041BE59 /* RestaurantServerUITests.swift in Sources */,
			);
			runOnlyForDeploymentPostprocessing = 0;
		};
/* End PBXSourcesBuildPhase section */

/* Begin PBXTargetDependency section */
		7824D9CF2074FD920041BE59 /* PBXTargetDependency */ = {
			isa = PBXTargetDependency;
			target = 7824D9BA2074FD910041BE59 /* RestaurantServer */;
			targetProxy = 7824D9CE2074FD920041BE59 /* PBXContainerItemProxy */;
		};
		7824D9DA2074FD920041BE59 /* PBXTargetDependency */ = {
			isa = PBXTargetDependency;
			target = 7824D9BA2074FD910041BE59 /* RestaurantServer */;
			targetProxy = 7824D9D92074FD920041BE59 /* PBXContainerItemProxy */;
		};
/* End PBXTargetDependency section */

/* Begin PBXVariantGroup section */
		7824D9C42074FD920041BE59 /* Main.storyboard */ = {
			isa = PBXVariantGroup;
			children = (
				7824D9C52074FD920041BE59 /* Base */,
			);
			name = Main.storyboard;
			sourceTree = "<group>";
		};
/* End PBXVariantGroup section */

/* Begin XCBuildConfiguration section */
		7824D9DF2074FD920041BE59 /* Debug */ = {
			isa = XCBuildConfiguration;
			buildSettings = {
				ALWAYS_SEARCH_USER_PATHS = NO;
				CLANG_ANALYZER_NONNULL = YES;
				CLANG_ANALYZER_NUMBER_OBJECT_CONVERSION = YES_AGGRESSIVE;
				CLANG_CXX_LANGUAGE_STANDARD = "gnu++14";
				CLANG_CXX_LIBRARY = "libc++";
				CLANG_ENABLE_MODULES = YES;
				CLANG_ENABLE_OBJC_ARC = YES;
				CLANG_ENABLE_OBJC_WEAK = YES;
				CLANG_WARN_BLOCK_CAPTURE_AUTORELEASING = YES;
				CLANG_WARN_BOOL_CONVERSION = YES;
				CLANG_WARN_COMMA = YES;
				CLANG_WARN_CONSTANT_CONVERSION = YES;
				CLANG_WARN_DEPRECATED_OBJC_IMPLEMENTATIONS = YES;
				CLANG_WARN_DIRECT_OBJC_ISA_USAGE = YES_ERROR;
				CLANG_WARN_DOCUMENTATION_COMMENTS = YES;
				CLANG_WARN_EMPTY_BODY = YES;
				CLANG_WARN_ENUM_CONVERSION = YES;
				CLANG_WARN_INFINITE_RECURSION = YES;
				CLANG_WARN_INT_CONVERSION = YES;
				CLANG_WARN_NON_LITERAL_NULL_CONVERSION = YES;
				CLANG_WARN_OBJC_IMPLICIT_RETAIN_SELF = YES;
				CLANG_WARN_OBJC_LITERAL_CONVERSION = YES;
				CLANG_WARN_OBJC_ROOT_CLASS = YES_ERROR;
				CLANG_WARN_RANGE_LOOP_ANALYSIS = YES;
				CLANG_WARN_STRICT_PROTOTYPES = YES;
				CLANG_WARN_SUSPICIOUS_MOVE = YES;
				CLANG_WARN_UNGUARDED_AVAILABILITY = YES_AGGRESSIVE;
				CLANG_WARN_UNREACHABLE_CODE = YES;
				CLANG_WARN__DUPLICATE_METHOD_MATCH = YES;
				CODE_SIGN_IDENTITY = "Mac Developer";
				COPY_PHASE_STRIP = NO;
				DEBUG_INFORMATION_FORMAT = dwarf;
				ENABLE_STRICT_OBJC_MSGSEND = YES;
				ENABLE_TESTABILITY = YES;
				GCC_C_LANGUAGE_STANDARD = gnu11;
				GCC_DYNAMIC_NO_PIC = NO;
				GCC_NO_COMMON_BLOCKS = YES;
				GCC_OPTIMIZATION_LEVEL = 0;
				GCC_PREPROCESSOR_DEFINITIONS = (
					"DEBUG=1",
					"$(inherited)",
				);
				GCC_WARN_64_TO_32_BIT_CONVERSION = YES;
				GCC_WARN_ABOUT_RETURN_TYPE = YES_ERROR;
				GCC_WARN_UNDECLARED_SELECTOR = YES;
				GCC_WARN_UNINITIALIZED_AUTOS = YES_AGGRESSIVE;
				GCC_WARN_UNUSED_FUNCTION = YES;
				GCC_WARN_UNUSED_VARIABLE = YES;
				MACOSX_DEPLOYMENT_TARGET = 10.12;
				MTL_ENABLE_DEBUG_INFO = YES;
				ONLY_ACTIVE_ARCH = YES;
				SDKROOT = macosx;
				SKIP_INSTALL = YES;
				SWIFT_ACTIVE_COMPILATION_CONDITIONS = DEBUG;
				SWIFT_OPTIMIZATION_LEVEL = "-Onone";
			};
			name = Debug;
		};
		7824D9E02074FD920041BE59 /* Release */ = {
			isa = XCBuildConfiguration;
			buildSettings = {
				ALWAYS_SEARCH_USER_PATHS = NO;
				CLANG_ANALYZER_NONNULL = YES;
				CLANG_ANALYZER_NUMBER_OBJECT_CONVERSION = YES_AGGRESSIVE;
				CLANG_CXX_LANGUAGE_STANDARD = "gnu++14";
				CLANG_CXX_LIBRARY = "libc++";
				CLANG_ENABLE_MODULES = YES;
				CLANG_ENABLE_OBJC_ARC = YES;
				CLANG_ENABLE_OBJC_WEAK = YES;
				CLANG_WARN_BLOCK_CAPTURE_AUTORELEASING = YES;
				CLANG_WARN_BOOL_CONVERSION = YES;
				CLANG_WARN_COMMA = YES;
				CLANG_WARN_CONSTANT_CONVERSION = YES;
				CLANG_WARN_DEPRECATED_OBJC_IMPLEMENTATIONS = YES;
				CLANG_WARN_DIRECT_OBJC_ISA_USAGE = YES_ERROR;
				CLANG_WARN_DOCUMENTATION_COMMENTS = YES;
				CLANG_WARN_EMPTY_BODY = YES;
				CLANG_WARN_ENUM_CONVERSION = YES;
				CLANG_WARN_INFINITE_RECURSION = YES;
				CLANG_WARN_INT_CONVERSION = YES;
				CLANG_WARN_NON_LITERAL_NULL_CONVERSION = YES;
				CLANG_WARN_OBJC_IMPLICIT_RETAIN_SELF = YES;
				CLANG_WARN_OBJC_LITERAL_CONVERSION = YES;
				CLANG_WARN_OBJC_ROOT_CLASS = YES_ERROR;
				CLANG_WARN_RANGE_LOOP_ANALYSIS = YES;
				CLANG_WARN_STRICT_PROTOTYPES = YES;
				CLANG_WARN_SUSPICIOUS_MOVE = YES;
				CLANG_WARN_UNGUARDED_AVAILABILITY = YES_AGGRESSIVE;
				CLANG_WARN_UNREACHABLE_CODE = YES;
				CLANG_WARN__DUPLICATE_METHOD_MATCH = YES;
				CODE_SIGN_IDENTITY = "Mac Developer";
				COPY_PHASE_STRIP = NO;
				DEBUG_INFORMATION_FORMAT = "dwarf-with-dsym";
				ENABLE_NS_ASSERTIONS = NO;
				ENABLE_STRICT_OBJC_MSGSEND = YES;
				GCC_C_LANGUAGE_STANDARD = gnu11;
				GCC_NO_COMMON_BLOCKS = YES;
				GCC_WARN_64_TO_32_BIT_CONVERSION = YES;
				GCC_WARN_ABOUT_RETURN_TYPE = YES_ERROR;
				GCC_WARN_UNDECLARED_SELECTOR = YES;
				GCC_WARN_UNINITIALIZED_AUTOS = YES_AGGRESSIVE;
				GCC_WARN_UNUSED_FUNCTION = YES;
				GCC_WARN_UNUSED_VARIABLE = YES;
				MACOSX_DEPLOYMENT_TARGET = 10.12;
				MTL_ENABLE_DEBUG_INFO = NO;
				SDKROOT = macosx;
				SKIP_INSTALL = YES;
				SWIFT_COMPILATION_MODE = wholemodule;
				SWIFT_OPTIMIZATION_LEVEL = "-O";
			};
			name = Release;
		};
		7824D9E22074FD920041BE59 /* Debug */ = {
			isa = XCBuildConfiguration;
			baseConfigurationReference = 8ED7054534B6F74B7261848C /* Pods-RestaurantServer.debug.xcconfig */;
			buildSettings = {
				ASSETCATALOG_COMPILER_APPICON_NAME = AppIcon;
				CODE_SIGN_ENTITLEMENTS = RestaurantServer/RestaurantServer.entitlements;
				CODE_SIGN_IDENTITY = "Mac Developer";
				CODE_SIGN_STYLE = Automatic;
				COMBINE_HIDPI_IMAGES = YES;
				DEVELOPMENT_TEAM = Z4FS5QMG2H;
				INFOPLIST_FILE = RestaurantServer/Info.plist;
				LD_RUNPATH_SEARCH_PATHS = (
					"$(inherited)",
					"@executable_path/../Frameworks",
				);
				MACOSX_DEPLOYMENT_TARGET = 10.12;
				PRODUCT_BUNDLE_IDENTIFIER = nl.han.RestaurantServer;
				PRODUCT_NAME = "$(TARGET_NAME)";
				PROVISIONING_PROFILE_SPECIFIER = "";
				SKIP_INSTALL = YES;
				SWIFT_VERSION = 4.0;
			};
			name = Debug;
		};
		7824D9E32074FD920041BE59 /* Release */ = {
			isa = XCBuildConfiguration;
			baseConfigurationReference = 2D39AAAA705E1A45A206AA63 /* Pods-RestaurantServer.release.xcconfig */;
			buildSettings = {
				ASSETCATALOG_COMPILER_APPICON_NAME = AppIcon;
				CODE_SIGN_ENTITLEMENTS = RestaurantServer/RestaurantServer.entitlements;
				CODE_SIGN_IDENTITY = "Mac Developer";
				CODE_SIGN_STYLE = Automatic;
				COMBINE_HIDPI_IMAGES = YES;
				DEVELOPMENT_TEAM = Z4FS5QMG2H;
				INFOPLIST_FILE = RestaurantServer/Info.plist;
				LD_RUNPATH_SEARCH_PATHS = (
					"$(inherited)",
					"@executable_path/../Frameworks",
				);
				MACOSX_DEPLOYMENT_TARGET = 10.12;
				PRODUCT_BUNDLE_IDENTIFIER = nl.han.RestaurantServer;
				PRODUCT_NAME = "$(TARGET_NAME)";
				PROVISIONING_PROFILE_SPECIFIER = "";
				SKIP_INSTALL = YES;
				SWIFT_VERSION = 4.0;
			};
			name = Release;
		};
		7824D9E52074FD920041BE59 /* Debug */ = {
			isa = XCBuildConfiguration;
			baseConfigurationReference = F5FCEDBFA9A8762C09BDBDD7 /* Pods-RestaurantServerTests.debug.xcconfig */;
			buildSettings = {
				ALWAYS_EMBED_SWIFT_STANDARD_LIBRARIES = YES;
				BUNDLE_LOADER = "$(TEST_HOST)";
				CODE_SIGN_STYLE = Automatic;
				COMBINE_HIDPI_IMAGES = YES;
				DEVELOPMENT_TEAM = U6HVVQM56D;
				INFOPLIST_FILE = RestaurantServerTests/Info.plist;
				LD_RUNPATH_SEARCH_PATHS = (
					"$(inherited)",
					"@executable_path/../Frameworks",
					"@loader_path/../Frameworks",
				);
				PRODUCT_BUNDLE_IDENTIFIER = nl.han.RestaurantServerTests;
				PRODUCT_NAME = "$(TARGET_NAME)";
				SWIFT_VERSION = 4.0;
				TEST_HOST = "$(BUILT_PRODUCTS_DIR)/RestaurantServer.app/Contents/MacOS/RestaurantServer";
			};
			name = Debug;
		};
		7824D9E62074FD920041BE59 /* Release */ = {
			isa = XCBuildConfiguration;
			baseConfigurationReference = 0C6C81EDFF774CF4014C14B7 /* Pods-RestaurantServerTests.release.xcconfig */;
			buildSettings = {
				ALWAYS_EMBED_SWIFT_STANDARD_LIBRARIES = YES;
				BUNDLE_LOADER = "$(TEST_HOST)";
				CODE_SIGN_STYLE = Automatic;
				COMBINE_HIDPI_IMAGES = YES;
				DEVELOPMENT_TEAM = U6HVVQM56D;
				INFOPLIST_FILE = RestaurantServerTests/Info.plist;
				LD_RUNPATH_SEARCH_PATHS = (
					"$(inherited)",
					"@executable_path/../Frameworks",
					"@loader_path/../Frameworks",
				);
				PRODUCT_BUNDLE_IDENTIFIER = nl.han.RestaurantServerTests;
				PRODUCT_NAME = "$(TARGET_NAME)";
				SWIFT_VERSION = 4.0;
				TEST_HOST = "$(BUILT_PRODUCTS_DIR)/RestaurantServer.app/Contents/MacOS/RestaurantServer";
			};
			name = Release;
		};
		7824D9E82074FD920041BE59 /* Debug */ = {
			isa = XCBuildConfiguration;
			baseConfigurationReference = 57149F11D564A2B72818B7F0 /* Pods-RestaurantServerUITests.debug.xcconfig */;
			buildSettings = {
				ALWAYS_EMBED_SWIFT_STANDARD_LIBRARIES = YES;
				CODE_SIGN_STYLE = Automatic;
				COMBINE_HIDPI_IMAGES = YES;
				DEVELOPMENT_TEAM = U6HVVQM56D;
				INFOPLIST_FILE = RestaurantServerUITests/Info.plist;
				LD_RUNPATH_SEARCH_PATHS = (
					"$(inherited)",
					"@executable_path/../Frameworks",
					"@loader_path/../Frameworks",
				);
				PRODUCT_BUNDLE_IDENTIFIER = nl.han.RestaurantServerUITests;
				PRODUCT_NAME = "$(TARGET_NAME)";
				SWIFT_VERSION = 4.0;
				TEST_TARGET_NAME = RestaurantServer;
			};
			name = Debug;
		};
		7824D9E92074FD920041BE59 /* Release */ = {
			isa = XCBuildConfiguration;
			baseConfigurationReference = 7D101B15AF88B6836AA9FAFF /* Pods-RestaurantServerUITests.release.xcconfig */;
			buildSettings = {
				ALWAYS_EMBED_SWIFT_STANDARD_LIBRARIES = YES;
				CODE_SIGN_STYLE = Automatic;
				COMBINE_HIDPI_IMAGES = YES;
				DEVELOPMENT_TEAM = U6HVVQM56D;
				INFOPLIST_FILE = RestaurantServerUITests/Info.plist;
				LD_RUNPATH_SEARCH_PATHS = (
					"$(inherited)",
					"@executable_path/../Frameworks",
					"@loader_path/../Frameworks",
				);
				PRODUCT_BUNDLE_IDENTIFIER = nl.han.RestaurantServerUITests;
				PRODUCT_NAME = "$(TARGET_NAME)";
				SWIFT_VERSION = 4.0;
				TEST_TARGET_NAME = RestaurantServer;
			};
			name = Release;
		};
/* End XCBuildConfiguration section */

/* Begin XCConfigurationList section */
		7824D9B62074FD910041BE59 /* Build configuration list for PBXProject "RestaurantServer" */ = {
			isa = XCConfigurationList;
			buildConfigurations = (
				7824D9DF2074FD920041BE59 /* Debug */,
				7824D9E02074FD920041BE59 /* Release */,
			);
			defaultConfigurationIsVisible = 0;
			defaultConfigurationName = Release;
		};
		7824D9E12074FD920041BE59 /* Build configuration list for PBXNativeTarget "RestaurantServer" */ = {
			isa = XCConfigurationList;
			buildConfigurations = (
				7824D9E22074FD920041BE59 /* Debug */,
				7824D9E32074FD920041BE59 /* Release */,
			);
			defaultConfigurationIsVisible = 0;
			defaultConfigurationName = Release;
		};
		7824D9E42074FD920041BE59 /* Build configuration list for PBXNativeTarget "RestaurantServerTests" */ = {
			isa = XCConfigurationList;
			buildConfigurations = (
				7824D9E52074FD920041BE59 /* Debug */,
				7824D9E62074FD920041BE59 /* Release */,
			);
			defaultConfigurationIsVisible = 0;
			defaultConfigurationName = Release;
		};
		7824D9E72074FD920041BE59 /* Build configuration list for PBXNativeTarget "RestaurantServerUITests" */ = {
			isa = XCConfigurationList;
			buildConfigurations = (
				7824D9E82074FD920041BE59 /* Debug */,
				7824D9E92074FD920041BE59 /* Release */,
			);
			defaultConfigurationIsVisible = 0;
			defaultConfigurationName = Release;
		};
/* End XCConfigurationList section */
	};
	rootObject = 7824D9B32074FD910041BE59 /* Project object */;
}
