// !$*UTF8*$!
{
	archiveVersion = 1;
	classes = {
	};
	objectVersion = 50;
	objects = {

/* Begin PBXBuildFile section */
		780CD92320A87266000944D8 /* Student.swift in Sources */ = {isa = PBXBuildFile; fileRef = 780CD92220A87266000944D8 /* Student.swift */; };
		780CD92520A87792000944D8 /* PersonsModel.swift in Sources */ = {isa = PBXBuildFile; fileRef = 780CD92420A87792000944D8 /* PersonsModel.swift */; };
		780CD92720A87CE9000944D8 /* StudentsTableViewController.swift in Sources */ = {isa = PBXBuildFile; fileRef = 780CD92620A87CE9000944D8 /* StudentsTableViewController.swift */; };
		780CD93320A87EBC000944D8 /* student4.png in Resources */ = {isa = PBXBuildFile; fileRef = 780CD92920A87EBC000944D8 /* student4.png */; };
		780CD93420A87EBC000944D8 /* student5.png in Resources */ = {isa = PBXBuildFile; fileRef = 780CD92A20A87EBC000944D8 /* student5.png */; };
		780CD93520A87EBC000944D8 /* student7.png in Resources */ = {isa = PBXBuildFile; fileRef = 780CD92B20A87EBC000944D8 /* student7.png */; };
		780CD93620A87EBC000944D8 /* student6.png in Resources */ = {isa = PBXBuildFile; fileRef = 780CD92C20A87EBC000944D8 /* student6.png */; };
		780CD93720A87EBC000944D8 /* student2.png in Resources */ = {isa = PBXBuildFile; fileRef = 780CD92D20A87EBC000944D8 /* student2.png */; };
		780CD93820A87EBC000944D8 /* student3.png in Resources */ = {isa = PBXBuildFile; fileRef = 780CD92E20A87EBC000944D8 /* student3.png */; };
		780CD93920A87EBC000944D8 /* student1.png in Resources */ = {isa = PBXBuildFile; fileRef = 780CD92F20A87EBC000944D8 /* student1.png */; };
		780CD93A20A87EBC000944D8 /* student8.png in Resources */ = {isa = PBXBuildFile; fileRef = 780CD93020A87EBC000944D8 /* student8.png */; };
		780CD93B20A87EBC000944D8 /* student10.png in Resources */ = {isa = PBXBuildFile; fileRef = 780CD93120A87EBC000944D8 /* student10.png */; };
		780CD93C20A87EBC000944D8 /* student9.png in Resources */ = {isa = PBXBuildFile; fileRef = 780CD93220A87EBC000944D8 /* student9.png */; };
		780CD93E20A87F0F000944D8 /* StudentTableViewCell.swift in Sources */ = {isa = PBXBuildFile; fileRef = 780CD93D20A87F0F000944D8 /* StudentTableViewCell.swift */; };
		7889270520A86788009AA2E5 /* AppDelegate.swift in Sources */ = {isa = PBXBuildFile; fileRef = 7889270420A86788009AA2E5 /* AppDelegate.swift */; };
		7889270720A86788009AA2E5 /* StudentDetailsVC.swift in Sources */ = {isa = PBXBuildFile; fileRef = 7889270620A86788009AA2E5 /* StudentDetailsVC.swift */; };
		7889270A20A86788009AA2E5 /* Main.storyboard in Resources */ = {isa = PBXBuildFile; fileRef = 7889270820A86788009AA2E5 /* Main.storyboard */; };
		7889270C20A86789009AA2E5 /* Assets.xcassets in Resources */ = {isa = PBXBuildFile; fileRef = 7889270B20A86789009AA2E5 /* Assets.xcassets */; };
		7889270F20A86789009AA2E5 /* LaunchScreen.storyboard in Resources */ = {isa = PBXBuildFile; fileRef = 7889270D20A86789009AA2E5 /* LaunchScreen.storyboard */; };
		7889271A20A86789009AA2E5 /* RememberMeTests.swift in Sources */ = {isa = PBXBuildFile; fileRef = 7889271920A86789009AA2E5 /* RememberMeTests.swift */; };
		7889272520A86789009AA2E5 /* RememberMeUITests.swift in Sources */ = {isa = PBXBuildFile; fileRef = 7889272420A86789009AA2E5 /* RememberMeUITests.swift */; };
/* End PBXBuildFile section */

/* Begin PBXContainerItemProxy section */
		7889271620A86789009AA2E5 /* PBXContainerItemProxy */ = {
			isa = PBXContainerItemProxy;
			containerPortal = 788926F920A86788009AA2E5 /* Project object */;
			proxyType = 1;
			remoteGlobalIDString = 7889270020A86788009AA2E5;
			remoteInfo = RememberMe;
		};
		7889272120A86789009AA2E5 /* PBXContainerItemProxy */ = {
			isa = PBXContainerItemProxy;
			containerPortal = 788926F920A86788009AA2E5 /* Project object */;
			proxyType = 1;
			remoteGlobalIDString = 7889270020A86788009AA2E5;
			remoteInfo = RememberMe;
		};
/* End PBXContainerItemProxy section */

/* Begin PBXFileReference section */
		780CD92220A87266000944D8 /* Student.swift */ = {isa = PBXFileReference; lastKnownFileType = sourcecode.swift; path = Student.swift; sourceTree = "<group>"; };
		780CD92420A87792000944D8 /* PersonsModel.swift */ = {isa = PBXFileReference; lastKnownFileType = sourcecode.swift; path = PersonsModel.swift; sourceTree = "<group>"; };
		780CD92620A87CE9000944D8 /* StudentsTableViewController.swift */ = {isa = PBXFileReference; lastKnownFileType = sourcecode.swift; path = StudentsTableViewController.swift; sourceTree = "<group>"; };
		780CD92920A87EBC000944D8 /* student4.png */ = {isa = PBXFileReference; lastKnownFileType = image.png; path = student4.png; sourceTree = "<group>"; };
		780CD92A20A87EBC000944D8 /* student5.png */ = {isa = PBXFileReference; lastKnownFileType = image.png; path = student5.png; sourceTree = "<group>"; };
		780CD92B20A87EBC000944D8 /* student7.png */ = {isa = PBXFileReference; lastKnownFileType = image.png; path = student7.png; sourceTree = "<group>"; };
		780CD92C20A87EBC000944D8 /* student6.png */ = {isa = PBXFileReference; lastKnownFileType = image.png; path = student6.png; sourceTree = "<group>"; };
		780CD92D20A87EBC000944D8 /* student2.png */ = {isa = PBXFileReference; lastKnownFileType = image.png; path = student2.png; sourceTree = "<group>"; };
		780CD92E20A87EBC000944D8 /* student3.png */ = {isa = PBXFileReference; lastKnownFileType = image.png; path = student3.png; sourceTree = "<group>"; };
		780CD92F20A87EBC000944D8 /* student1.png */ = {isa = PBXFileReference; lastKnownFileType = image.png; path = student1.png; sourceTree = "<group>"; };
		780CD93020A87EBC000944D8 /* student8.png */ = {isa = PBXFileReference; lastKnownFileType = image.png; path = student8.png; sourceTree = "<group>"; };
		780CD93120A87EBC000944D8 /* student10.png */ = {isa = PBXFileReference; lastKnownFileType = image.png; path = student10.png; sourceTree = "<group>"; };
		780CD93220A87EBC000944D8 /* student9.png */ = {isa = PBXFileReference; lastKnownFileType = image.png; path = student9.png; sourceTree = "<group>"; };
		780CD93D20A87F0F000944D8 /* StudentTableViewCell.swift */ = {isa = PBXFileReference; lastKnownFileType = sourcecode.swift; path = StudentTableViewCell.swift; sourceTree = "<group>"; };
		7889270120A86788009AA2E5 /* RememberMe.app */ = {isa = PBXFileReference; explicitFileType = wrapper.application; includeInIndex = 0; path = RememberMe.app; sourceTree = BUILT_PRODUCTS_DIR; };
		7889270420A86788009AA2E5 /* AppDelegate.swift */ = {isa = PBXFileReference; lastKnownFileType = sourcecode.swift; path = AppDelegate.swift; sourceTree = "<group>"; };
		7889270620A86788009AA2E5 /* StudentDetailsVC.swift */ = {isa = PBXFileReference; lastKnownFileType = sourcecode.swift; path = StudentDetailsVC.swift; sourceTree = "<group>"; };
		7889270920A86788009AA2E5 /* Base */ = {isa = PBXFileReference; lastKnownFileType = file.storyboard; name = Base; path = Base.lproj/Main.storyboard; sourceTree = "<group>"; };
		7889270B20A86789009AA2E5 /* Assets.xcassets */ = {isa = PBXFileReference; lastKnownFileType = folder.assetcatalog; path = Assets.xcassets; sourceTree = "<group>"; };
		7889270E20A86789009AA2E5 /* Base */ = {isa = PBXFileReference; lastKnownFileType = file.storyboard; name = Base; path = Base.lproj/LaunchScreen.storyboard; sourceTree = "<group>"; };
		7889271020A86789009AA2E5 /* Info.plist */ = {isa = PBXFileReference; lastKnownFileType = text.plist.xml; path = Info.plist; sourceTree = "<group>"; };
		7889271520A86789009AA2E5 /* RememberMeTests.xctest */ = {isa = PBXFileReference; explicitFileType = wrapper.cfbundle; includeInIndex = 0; path = RememberMeTests.xctest; sourceTree = BUILT_PRODUCTS_DIR; };
		7889271920A86789009AA2E5 /* RememberMeTests.swift */ = {isa = PBXFileReference; lastKnownFileType = sourcecode.swift; path = RememberMeTests.swift; sourceTree = "<group>"; };
		7889271B20A86789009AA2E5 /* Info.plist */ = {isa = PBXFileReference; lastKnownFileType = text.plist.xml; path = Info.plist; sourceTree = "<group>"; };
		7889272020A86789009AA2E5 /* RememberMeUITests.xctest */ = {isa = PBXFileReference; explicitFileType = wrapper.cfbundle; includeInIndex = 0; path = RememberMeUITests.xctest; sourceTree = BUILT_PRODUCTS_DIR; };
		7889272420A86789009AA2E5 /* RememberMeUITests.swift */ = {isa = PBXFileReference; lastKnownFileType = sourcecode.swift; path = RememberMeUITests.swift; sourceTree = "<group>"; };
		7889272620A86789009AA2E5 /* Info.plist */ = {isa = PBXFileReference; lastKnownFileType = text.plist.xml; path = Info.plist; sourceTree = "<group>"; };
/* End PBXFileReference section */

/* Begin PBXFrameworksBuildPhase section */
		788926FE20A86788009AA2E5 /* Frameworks */ = {
			isa = PBXFrameworksBuildPhase;
			buildActionMask = 2147483647;
			files = (
			);
			runOnlyForDeploymentPostprocessing = 0;
		};
		7889271220A86789009AA2E5 /* Frameworks */ = {
			isa = PBXFrameworksBuildPhase;
			buildActionMask = 2147483647;
			files = (
			);
			runOnlyForDeploymentPostprocessing = 0;
		};
		7889271D20A86789009AA2E5 /* Frameworks */ = {
			isa = PBXFrameworksBuildPhase;
			buildActionMask = 2147483647;
			files = (
			);
			runOnlyForDeploymentPostprocessing = 0;
		};
/* End PBXFrameworksBuildPhase section */

/* Begin PBXGroup section */
		780CD92820A87EBC000944D8 /* Images */ = {
			isa = PBXGroup;
			children = (
				780CD92920A87EBC000944D8 /* student4.png */,
				780CD92A20A87EBC000944D8 /* student5.png */,
				780CD92B20A87EBC000944D8 /* student7.png */,
				780CD92C20A87EBC000944D8 /* student6.png */,
				780CD92D20A87EBC000944D8 /* student2.png */,
				780CD92E20A87EBC000944D8 /* student3.png */,
				780CD92F20A87EBC000944D8 /* student1.png */,
				780CD93020A87EBC000944D8 /* student8.png */,
				780CD93120A87EBC000944D8 /* student10.png */,
				780CD93220A87EBC000944D8 /* student9.png */,
			);
			path = Images;
			sourceTree = "<group>";
		};
		786C1B2020A8DDC100F9C91F /* Model */ = {
			isa = PBXGroup;
			children = (
				780CD92220A87266000944D8 /* Student.swift */,
				780CD92420A87792000944D8 /* PersonsModel.swift */,
			);
			path = Model;
			sourceTree = "<group>";
		};
		786C1B2120A8DDD100F9C91F /* Controllers */ = {
			isa = PBXGroup;
			children = (
				7889270620A86788009AA2E5 /* StudentDetailsVC.swift */,
				780CD92620A87CE9000944D8 /* StudentsTableViewController.swift */,
				780CD93D20A87F0F000944D8 /* StudentTableViewCell.swift */,
			);
			path = Controllers;
			sourceTree = "<group>";
		};
		788926F820A86788009AA2E5 = {
			isa = PBXGroup;
			children = (
				7889270320A86788009AA2E5 /* RememberMe */,
				7889271820A86789009AA2E5 /* RememberMeTests */,
				7889272320A86789009AA2E5 /* RememberMeUITests */,
				7889270220A86788009AA2E5 /* Products */,
			);
			sourceTree = "<group>";
		};
		7889270220A86788009AA2E5 /* Products */ = {
			isa = PBXGroup;
			children = (
				7889270120A86788009AA2E5 /* RememberMe.app */,
				7889271520A86789009AA2E5 /* RememberMeTests.xctest */,
				7889272020A86789009AA2E5 /* RememberMeUITests.xctest */,
			);
			name = Products;
			sourceTree = "<group>";
		};
		7889270320A86788009AA2E5 /* RememberMe */ = {
			isa = PBXGroup;
			children = (
				7889270420A86788009AA2E5 /* AppDelegate.swift */,
				7889270820A86788009AA2E5 /* Main.storyboard */,
				7889270D20A86789009AA2E5 /* LaunchScreen.storyboard */,
				786C1B2120A8DDD100F9C91F /* Controllers */,
				786C1B2020A8DDC100F9C91F /* Model */,
				780CD92820A87EBC000944D8 /* Images */,
				7889270B20A86789009AA2E5 /* Assets.xcassets */,
				7889271020A86789009AA2E5 /* Info.plist */,
			);
			path = RememberMe;
			sourceTree = "<group>";
		};
		7889271820A86789009AA2E5 /* RememberMeTests */ = {
			isa = PBXGroup;
			children = (
				7889271920A86789009AA2E5 /* RememberMeTests.swift */,
				7889271B20A86789009AA2E5 /* Info.plist */,
			);
			path = RememberMeTests;
			sourceTree = "<group>";
		};
		7889272320A86789009AA2E5 /* RememberMeUITests */ = {
			isa = PBXGroup;
			children = (
				7889272420A86789009AA2E5 /* RememberMeUITests.swift */,
				7889272620A86789009AA2E5 /* Info.plist */,
			);
			path = RememberMeUITests;
			sourceTree = "<group>";
		};
/* End PBXGroup section */

/* Begin PBXNativeTarget section */
		7889270020A86788009AA2E5 /* RememberMe */ = {
			isa = PBXNativeTarget;
			buildConfigurationList = 7889272920A86789009AA2E5 /* Build configuration list for PBXNativeTarget "RememberMe" */;
			buildPhases = (
				788926FD20A86788009AA2E5 /* Sources */,
				788926FE20A86788009AA2E5 /* Frameworks */,
				788926FF20A86788009AA2E5 /* Resources */,
			);
			buildRules = (
			);
			dependencies = (
			);
			name = RememberMe;
			productName = RememberMe;
			productReference = 7889270120A86788009AA2E5 /* RememberMe.app */;
			productType = "com.apple.product-type.application";
		};
		7889271420A86789009AA2E5 /* RememberMeTests */ = {
			isa = PBXNativeTarget;
			buildConfigurationList = 7889272C20A86789009AA2E5 /* Build configuration list for PBXNativeTarget "RememberMeTests" */;
			buildPhases = (
				7889271120A86789009AA2E5 /* Sources */,
				7889271220A86789009AA2E5 /* Frameworks */,
				7889271320A86789009AA2E5 /* Resources */,
			);
			buildRules = (
			);
			dependencies = (
				7889271720A86789009AA2E5 /* PBXTargetDependency */,
			);
			name = RememberMeTests;
			productName = RememberMeTests;
			productReference = 7889271520A86789009AA2E5 /* RememberMeTests.xctest */;
			productType = "com.apple.product-type.bundle.unit-test";
		};
		7889271F20A86789009AA2E5 /* RememberMeUITests */ = {
			isa = PBXNativeTarget;
			buildConfigurationList = 7889272F20A86789009AA2E5 /* Build configuration list for PBXNativeTarget "RememberMeUITests" */;
			buildPhases = (
				7889271C20A86789009AA2E5 /* Sources */,
				7889271D20A86789009AA2E5 /* Frameworks */,
				7889271E20A86789009AA2E5 /* Resources */,
			);
			buildRules = (
			);
			dependencies = (
				7889272220A86789009AA2E5 /* PBXTargetDependency */,
			);
			name = RememberMeUITests;
			productName = RememberMeUITests;
			productReference = 7889272020A86789009AA2E5 /* RememberMeUITests.xctest */;
			productType = "com.apple.product-type.bundle.ui-testing";
		};
/* End PBXNativeTarget section */

/* Begin PBXProject section */
		788926F920A86788009AA2E5 /* Project object */ = {
			isa = PBXProject;
			attributes = {
				LastSwiftUpdateCheck = 0930;
				LastUpgradeCheck = 0930;
				ORGANIZATIONNAME = "HAN University of Applied Sciences";
				TargetAttributes = {
					7889270020A86788009AA2E5 = {
						CreatedOnToolsVersion = 9.3.1;
					};
					7889271420A86789009AA2E5 = {
						CreatedOnToolsVersion = 9.3.1;
						TestTargetID = 7889270020A86788009AA2E5;
					};
					7889271F20A86789009AA2E5 = {
						CreatedOnToolsVersion = 9.3.1;
						TestTargetID = 7889270020A86788009AA2E5;
					};
				};
			};
			buildConfigurationList = 788926FC20A86788009AA2E5 /* Build configuration list for PBXProject "RememberMe" */;
			compatibilityVersion = "Xcode 9.3";
			developmentRegion = en;
			hasScannedForEncodings = 0;
			knownRegions = (
				en,
				Base,
			);
			mainGroup = 788926F820A86788009AA2E5;
			productRefGroup = 7889270220A86788009AA2E5 /* Products */;
			projectDirPath = "";
			projectRoot = "";
			targets = (
				7889270020A86788009AA2E5 /* RememberMe */,
				7889271420A86789009AA2E5 /* RememberMeTests */,
				7889271F20A86789009AA2E5 /* RememberMeUITests */,
			);
		};
/* End PBXProject section */

/* Begin PBXResourcesBuildPhase section */
		788926FF20A86788009AA2E5 /* Resources */ = {
			isa = PBXResourcesBuildPhase;
			buildActionMask = 2147483647;
			files = (
				780CD93720A87EBC000944D8 /* student2.png in Resources */,
				7889270F20A86789009AA2E5 /* LaunchScreen.storyboard in Resources */,
				780CD93A20A87EBC000944D8 /* student8.png in Resources */,
				7889270C20A86789009AA2E5 /* Assets.xcassets in Resources */,
				780CD93C20A87EBC000944D8 /* student9.png in Resources */,
				780CD93320A87EBC000944D8 /* student4.png in Resources */,
				780CD93520A87EBC000944D8 /* student7.png in Resources */,
				780CD93620A87EBC000944D8 /* student6.png in Resources */,
				780CD93820A87EBC000944D8 /* student3.png in Resources */,
				780CD93B20A87EBC000944D8 /* student10.png in Resources */,
				7889270A20A86788009AA2E5 /* Main.storyboard in Resources */,
				780CD93420A87EBC000944D8 /* student5.png in Resources */,
				780CD93920A87EBC000944D8 /* student1.png in Resources */,
			);
			runOnlyForDeploymentPostprocessing = 0;
		};
		7889271320A86789009AA2E5 /* Resources */ = {
			isa = PBXResourcesBuildPhase;
			buildActionMask = 2147483647;
			files = (
			);
			runOnlyForDeploymentPostprocessing = 0;
		};
		7889271E20A86789009AA2E5 /* Resources */ = {
			isa = PBXResourcesBuildPhase;
			buildActionMask = 2147483647;
			files = (
			);
			runOnlyForDeploymentPostprocessing = 0;
		};
/* End PBXResourcesBuildPhase section */

/* Begin PBXSourcesBuildPhase section */
		788926FD20A86788009AA2E5 /* Sources */ = {
			isa = PBXSourcesBuildPhase;
			buildActionMask = 2147483647;
			files = (
				780CD92520A87792000944D8 /* PersonsModel.swift in Sources */,
				7889270720A86788009AA2E5 /* StudentDetailsVC.swift in Sources */,
				780CD92320A87266000944D8 /* Student.swift in Sources */,
				780CD92720A87CE9000944D8 /* StudentsTableViewController.swift in Sources */,
				7889270520A86788009AA2E5 /* AppDelegate.swift in Sources */,
				780CD93E20A87F0F000944D8 /* StudentTableViewCell.swift in Sources */,
			);
			runOnlyForDeploymentPostprocessing = 0;
		};
		7889271120A86789009AA2E5 /* Sources */ = {
			isa = PBXSourcesBuildPhase;
			buildActionMask = 2147483647;
			files = (
				7889271A20A86789009AA2E5 /* RememberMeTests.swift in Sources */,
			);
			runOnlyForDeploymentPostprocessing = 0;
		};
		7889271C20A86789009AA2E5 /* Sources */ = {
			isa = PBXSourcesBuildPhase;
			buildActionMask = 2147483647;
			files = (
				7889272520A86789009AA2E5 /* RememberMeUITests.swift in Sources */,
			);
			runOnlyForDeploymentPostprocessing = 0;
		};
/* End PBXSourcesBuildPhase section */

/* Begin PBXTargetDependency section */
		7889271720A86789009AA2E5 /* PBXTargetDependency */ = {
			isa = PBXTargetDependency;
			target = 7889270020A86788009AA2E5 /* RememberMe */;
			targetProxy = 7889271620A86789009AA2E5 /* PBXContainerItemProxy */;
		};
		7889272220A86789009AA2E5 /* PBXTargetDependency */ = {
			isa = PBXTargetDependency;
			target = 7889270020A86788009AA2E5 /* RememberMe */;
			targetProxy = 7889272120A86789009AA2E5 /* PBXContainerItemProxy */;
		};
/* End PBXTargetDependency section */

/* Begin PBXVariantGroup section */
		7889270820A86788009AA2E5 /* Main.storyboard */ = {
			isa = PBXVariantGroup;
			children = (
				7889270920A86788009AA2E5 /* Base */,
			);
			name = Main.storyboard;
			sourceTree = "<group>";
		};
		7889270D20A86789009AA2E5 /* LaunchScreen.storyboard */ = {
			isa = PBXVariantGroup;
			children = (
				7889270E20A86789009AA2E5 /* Base */,
			);
			name = LaunchScreen.storyboard;
			sourceTree = "<group>";
		};
/* End PBXVariantGroup section */

/* Begin XCBuildConfiguration section */
		7889272720A86789009AA2E5 /* Debug */ = {
			isa = XCBuildConfiguration;
			buildSettings = {
				ALWAYS_SEARCH_USER_PATHS = NO;
				CLANG_ANALYZER_NONNULL = YES;
				CLANG_ANALYZER_NUMBER_OBJECT_CONVERSION = YES_AGGRESSIVE;
				CLANG_CXX_LANGUAGE_STANDARD = "gnu++14";
				CLANG_CXX_LIBRARY = "libc++";
				CLANG_ENABLE_MODULES = YES;
				CLANG_ENABLE_OBJC_ARC = YES;
				CLANG_ENABLE_OBJC_WEAK = YES;
				CLANG_WARN_BLOCK_CAPTURE_AUTORELEASING = YES;
				CLANG_WARN_BOOL_CONVERSION = YES;
				CLANG_WARN_COMMA = YES;
				CLANG_WARN_CONSTANT_CONVERSION = YES;
				CLANG_WARN_DEPRECATED_OBJC_IMPLEMENTATIONS = YES;
				CLANG_WARN_DIRECT_OBJC_ISA_USAGE = YES_ERROR;
				CLANG_WARN_DOCUMENTATION_COMMENTS = YES;
				CLANG_WARN_EMPTY_BODY = YES;
				CLANG_WARN_ENUM_CONVERSION = YES;
				CLANG_WARN_INFINITE_RECURSION = YES;
				CLANG_WARN_INT_CONVERSION = YES;
				CLANG_WARN_NON_LITERAL_NULL_CONVERSION = YES;
				CLANG_WARN_OBJC_IMPLICIT_RETAIN_SELF = YES;
				CLANG_WARN_OBJC_LITERAL_CONVERSION = YES;
				CLANG_WARN_OBJC_ROOT_CLASS = YES_ERROR;
				CLANG_WARN_RANGE_LOOP_ANALYSIS = YES;
				CLANG_WARN_STRICT_PROTOTYPES = YES;
				CLANG_WARN_SUSPICIOUS_MOVE = YES;
				CLANG_WARN_UNGUARDED_AVAILABILITY = YES_AGGRESSIVE;
				CLANG_WARN_UNREACHABLE_CODE = YES;
				CLANG_WARN__DUPLICATE_METHOD_MATCH = YES;
				CODE_SIGN_IDENTITY = "iPhone Developer";
				COPY_PHASE_STRIP = NO;
				DEBUG_INFORMATION_FORMAT = dwarf;
				ENABLE_STRICT_OBJC_MSGSEND = YES;
				ENABLE_TESTABILITY = YES;
				GCC_C_LANGUAGE_STANDARD = gnu11;
				GCC_DYNAMIC_NO_PIC = NO;
				GCC_NO_COMMON_BLOCKS = YES;
				GCC_OPTIMIZATION_LEVEL = 0;
				GCC_PREPROCESSOR_DEFINITIONS = (
					"DEBUG=1",
					"$(inherited)",
				);
				GCC_WARN_64_TO_32_BIT_CONVERSION = YES;
				GCC_WARN_ABOUT_RETURN_TYPE = YES_ERROR;
				GCC_WARN_UNDECLARED_SELECTOR = YES;
				GCC_WARN_UNINITIALIZED_AUTOS = YES_AGGRESSIVE;
				GCC_WARN_UNUSED_FUNCTION = YES;
				GCC_WARN_UNUSED_VARIABLE = YES;
				IPHONEOS_DEPLOYMENT_TARGET = 11.3;
				MTL_ENABLE_DEBUG_INFO = YES;
				ONLY_ACTIVE_ARCH = YES;
				SDKROOT = iphoneos;
				SWIFT_ACTIVE_COMPILATION_CONDITIONS = DEBUG;
				SWIFT_OPTIMIZATION_LEVEL = "-Onone";
			};
			name = Debug;
		};
		7889272820A86789009AA2E5 /* Release */ = {
			isa = XCBuildConfiguration;
			buildSettings = {
				ALWAYS_SEARCH_USER_PATHS = NO;
				CLANG_ANALYZER_NONNULL = YES;
				CLANG_ANALYZER_NUMBER_OBJECT_CONVERSION = YES_AGGRESSIVE;
				CLANG_CXX_LANGUAGE_STANDARD = "gnu++14";
				CLANG_CXX_LIBRARY = "libc++";
				CLANG_ENABLE_MODULES = YES;
				CLANG_ENABLE_OBJC_ARC = YES;
				CLANG_ENABLE_OBJC_WEAK = YES;
				CLANG_WARN_BLOCK_CAPTURE_AUTORELEASING = YES;
				CLANG_WARN_BOOL_CONVERSION = YES;
				CLANG_WARN_COMMA = YES;
				CLANG_WARN_CONSTANT_CONVERSION = YES;
				CLANG_WARN_DEPRECATED_OBJC_IMPLEMENTATIONS = YES;
				CLANG_WARN_DIRECT_OBJC_ISA_USAGE = YES_ERROR;
				CLANG_WARN_DOCUMENTATION_COMMENTS = YES;
				CLANG_WARN_EMPTY_BODY = YES;
				CLANG_WARN_ENUM_CONVERSION = YES;
				CLANG_WARN_INFINITE_RECURSION = YES;
				CLANG_WARN_INT_CONVERSION = YES;
				CLANG_WARN_NON_LITERAL_NULL_CONVERSION = YES;
				CLANG_WARN_OBJC_IMPLICIT_RETAIN_SELF = YES;
				CLANG_WARN_OBJC_LITERAL_CONVERSION = YES;
				CLANG_WARN_OBJC_ROOT_CLASS = YES_ERROR;
				CLANG_WARN_RANGE_LOOP_ANALYSIS = YES;
				CLANG_WARN_STRICT_PROTOTYPES = YES;
				CLANG_WARN_SUSPICIOUS_MOVE = YES;
				CLANG_WARN_UNGUARDED_AVAILABILITY = YES_AGGRESSIVE;
				CLANG_WARN_UNREACHABLE_CODE = YES;
				CLANG_WARN__DUPLICATE_METHOD_MATCH = YES;
				CODE_SIGN_IDENTITY = "iPhone Developer";
				COPY_PHASE_STRIP = NO;
				DEBUG_INFORMATION_FORMAT = "dwarf-with-dsym";
				ENABLE_NS_ASSERTIONS = NO;
				ENABLE_STRICT_OBJC_MSGSEND = YES;
				GCC_C_LANGUAGE_STANDARD = gnu11;
				GCC_NO_COMMON_BLOCKS = YES;
				GCC_WARN_64_TO_32_BIT_CONVERSION = YES;
				GCC_WARN_ABOUT_RETURN_TYPE = YES_ERROR;
				GCC_WARN_UNDECLARED_SELECTOR = YES;
				GCC_WARN_UNINITIALIZED_AUTOS = YES_AGGRESSIVE;
				GCC_WARN_UNUSED_FUNCTION = YES;
				GCC_WARN_UNUSED_VARIABLE = YES;
				IPHONEOS_DEPLOYMENT_TARGET = 11.3;
				MTL_ENABLE_DEBUG_INFO = NO;
				SDKROOT = iphoneos;
				SWIFT_COMPILATION_MODE = wholemodule;
				SWIFT_OPTIMIZATION_LEVEL = "-O";
				VALIDATE_PRODUCT = YES;
			};
			name = Release;
		};
		7889272A20A86789009AA2E5 /* Debug */ = {
			isa = XCBuildConfiguration;
			buildSettings = {
				ASSETCATALOG_COMPILER_APPICON_NAME = AppIcon;
				CODE_SIGN_STYLE = Automatic;
				DEVELOPMENT_TEAM = 6BSBW655NT;
				INFOPLIST_FILE = RememberMe/Info.plist;
				LD_RUNPATH_SEARCH_PATHS = (
					"$(inherited)",
					"@executable_path/Frameworks",
				);
				PRODUCT_BUNDLE_IDENTIFIER = nl.han.RememberMe;
				PRODUCT_NAME = "$(TARGET_NAME)";
				SWIFT_VERSION = 4.0;
				TARGETED_DEVICE_FAMILY = "1,2";
			};
			name = Debug;
		};
		7889272B20A86789009AA2E5 /* Release */ = {
			isa = XCBuildConfiguration;
			buildSettings = {
				ASSETCATALOG_COMPILER_APPICON_NAME = AppIcon;
				CODE_SIGN_STYLE = Automatic;
				DEVELOPMENT_TEAM = 6BSBW655NT;
				INFOPLIST_FILE = RememberMe/Info.plist;
				LD_RUNPATH_SEARCH_PATHS = (
					"$(inherited)",
					"@executable_path/Frameworks",
				);
				PRODUCT_BUNDLE_IDENTIFIER = nl.han.RememberMe;
				PRODUCT_NAME = "$(TARGET_NAME)";
				SWIFT_VERSION = 4.0;
				TARGETED_DEVICE_FAMILY = "1,2";
			};
			name = Release;
		};
		7889272D20A86789009AA2E5 /* Debug */ = {
			isa = XCBuildConfiguration;
			buildSettings = {
				ALWAYS_EMBED_SWIFT_STANDARD_LIBRARIES = YES;
				BUNDLE_LOADER = "$(TEST_HOST)";
				CODE_SIGN_STYLE = Automatic;
				DEVELOPMENT_TEAM = 6BSBW655NT;
				INFOPLIST_FILE = RememberMeTests/Info.plist;
				LD_RUNPATH_SEARCH_PATHS = (
					"$(inherited)",
					"@executable_path/Frameworks",
					"@loader_path/Frameworks",
				);
				PRODUCT_BUNDLE_IDENTIFIER = nl.han.RememberMeTests;
				PRODUCT_NAME = "$(TARGET_NAME)";
				SWIFT_VERSION = 4.0;
				TARGETED_DEVICE_FAMILY = "1,2";
				TEST_HOST = "$(BUILT_PRODUCTS_DIR)/RememberMe.app/RememberMe";
			};
			name = Debug;
		};
		7889272E20A86789009AA2E5 /* Release */ = {
			isa = XCBuildConfiguration;
			buildSettings = {
				ALWAYS_EMBED_SWIFT_STANDARD_LIBRARIES = YES;
				BUNDLE_LOADER = "$(TEST_HOST)";
				CODE_SIGN_STYLE = Automatic;
				DEVELOPMENT_TEAM = 6BSBW655NT;
				INFOPLIST_FILE = RememberMeTests/Info.plist;
				LD_RUNPATH_SEARCH_PATHS = (
					"$(inherited)",
					"@executable_path/Frameworks",
					"@loader_path/Frameworks",
				);
				PRODUCT_BUNDLE_IDENTIFIER = nl.han.RememberMeTests;
				PRODUCT_NAME = "$(TARGET_NAME)";
				SWIFT_VERSION = 4.0;
				TARGETED_DEVICE_FAMILY = "1,2";
				TEST_HOST = "$(BUILT_PRODUCTS_DIR)/RememberMe.app/RememberMe";
			};
			name = Release;
		};
		7889273020A86789009AA2E5 /* Debug */ = {
			isa = XCBuildConfiguration;
			buildSettings = {
				ALWAYS_EMBED_SWIFT_STANDARD_LIBRARIES = YES;
				CODE_SIGN_STYLE = Automatic;
				DEVELOPMENT_TEAM = 6BSBW655NT;
				INFOPLIST_FILE = RememberMeUITests/Info.plist;
				LD_RUNPATH_SEARCH_PATHS = (
					"$(inherited)",
					"@executable_path/Frameworks",
					"@loader_path/Frameworks",
				);
				PRODUCT_BUNDLE_IDENTIFIER = nl.han.RememberMeUITests;
				PRODUCT_NAME = "$(TARGET_NAME)";
				SWIFT_VERSION = 4.0;
				TARGETED_DEVICE_FAMILY = "1,2";
				TEST_TARGET_NAME = RememberMe;
			};
			name = Debug;
		};
		7889273120A86789009AA2E5 /* Release */ = {
			isa = XCBuildConfiguration;
			buildSettings = {
				ALWAYS_EMBED_SWIFT_STANDARD_LIBRARIES = YES;
				CODE_SIGN_STYLE = Automatic;
				DEVELOPMENT_TEAM = 6BSBW655NT;
				INFOPLIST_FILE = RememberMeUITests/Info.plist;
				LD_RUNPATH_SEARCH_PATHS = (
					"$(inherited)",
					"@executable_path/Frameworks",
					"@loader_path/Frameworks",
				);
				PRODUCT_BUNDLE_IDENTIFIER = nl.han.RememberMeUITests;
				PRODUCT_NAME = "$(TARGET_NAME)";
				SWIFT_VERSION = 4.0;
				TARGETED_DEVICE_FAMILY = "1,2";
				TEST_TARGET_NAME = RememberMe;
			};
			name = Release;
		};
/* End XCBuildConfiguration section */

/* Begin XCConfigurationList section */
		788926FC20A86788009AA2E5 /* Build configuration list for PBXProject "RememberMe" */ = {
			isa = XCConfigurationList;
			buildConfigurations = (
				7889272720A86789009AA2E5 /* Debug */,
				7889272820A86789009AA2E5 /* Release */,
			);
			defaultConfigurationIsVisible = 0;
			defaultConfigurationName = Release;
		};
		7889272920A86789009AA2E5 /* Build configuration list for PBXNativeTarget "RememberMe" */ = {
			isa = XCConfigurationList;
			buildConfigurations = (
				7889272A20A86789009AA2E5 /* Debug */,
				7889272B20A86789009AA2E5 /* Release */,
			);
			defaultConfigurationIsVisible = 0;
			defaultConfigurationName = Release;
		};
		7889272C20A86789009AA2E5 /* Build configuration list for PBXNativeTarget "RememberMeTests" */ = {
			isa = XCConfigurationList;
			buildConfigurations = (
				7889272D20A86789009AA2E5 /* Debug */,
				7889272E20A86789009AA2E5 /* Release */,
			);
			defaultConfigurationIsVisible = 0;
			defaultConfigurationName = Release;
		};
		7889272F20A86789009AA2E5 /* Build configuration list for PBXNativeTarget "RememberMeUITests" */ = {
			isa = XCConfigurationList;
			buildConfigurations = (
				7889273020A86789009AA2E5 /* Debug */,
				7889273120A86789009AA2E5 /* Release */,
			);
			defaultConfigurationIsVisible = 0;
			defaultConfigurationName = Release;
		};
/* End XCConfigurationList section */
	};
	rootObject = 788926F920A86788009AA2E5 /* Project object */;
}
